{
  "requires": true,
  "lockfileVersion": 1,
  "dependencies": {
    "@iconify/icons-cib": {
      "version": "1.0.0",
      "resolved": "https://registry.npmjs.org/@iconify/icons-cib/-/icons-cib-1.0.0.tgz",
      "integrity": "sha512-M+EZfe47dO823foUyUOB6gd8a7AkAfTunrP8dwVru213kZGvUGVDCt0NxMBgDx2h35/Xhn9/1uJ3y19HYAXqqQ=="
    },
    "@iconify/icons-fa-brands": {
      "version": "1.0.10",
      "resolved": "https://registry.npmjs.org/@iconify/icons-fa-brands/-/icons-fa-brands-1.0.10.tgz",
      "integrity": "sha512-QgIjrSnyYy2TVduzEvH041kynuIq720zBPn61qSeiP30t11keXE8C3LIJVgN1REkVb0Y5aF4hocWQSM2a7EiUA=="
    },
    "@iconify/icons-icomoon-free": {
      "version": "1.0.3",
      "resolved": "https://registry.npmjs.org/@iconify/icons-icomoon-free/-/icons-icomoon-free-1.0.3.tgz",
      "integrity": "sha512-oXGXpxRKQH1eh259eBc0WGTDbat/LBRORk+7BNdlSvjsy329nZkr58pZ/A8cXxPQvvDfBafZYPNipT0URkqBsQ=="
    },
    "@iconify/icons-logos": {
      "version": "1.0.9",
      "resolved": "https://registry.npmjs.org/@iconify/icons-logos/-/icons-logos-1.0.9.tgz",
      "integrity": "sha512-bwQQkQ6zGtdGYnyCOk7hY6Lja/8t/OjFO+pkfjWq5gxYZ2fBsGFeN5hYidK8yraormgqMQ9OEL9j2NgbpDjojg==",
      "dev": true
    },
    "@iconify/react": {
      "version": "1.1.2",
      "resolved": "https://registry.npmjs.org/@iconify/react/-/react-1.1.2.tgz",
      "integrity": "sha512-52bUSY9CAgTAXkG1HVz1j7cRNepiiL9AWaIfiXLK8QNbwryBK3v9w95/cKXgTTPXKPcnxbuLYcAvkhll6R+g3w==",
      "dev": true,
      "requires": {
        "react": "^16.12.0"
      }
    },
    "js-tokens": {
      "version": "4.0.0",
      "resolved": "https://registry.npmjs.org/js-tokens/-/js-tokens-4.0.0.tgz",
      "integrity": "sha512-RdJUflcE3cUzKiMqQgsCu06FPu9UdIJO0beYbPhHN4k6apgJtifcoCtT9bcxOpYBtpD2kCM6Sbzg4CausW/PKQ=="
    },
    "loose-envify": {
      "version": "1.4.0",
      "resolved": "https://registry.npmjs.org/loose-envify/-/loose-envify-1.4.0.tgz",
      "integrity": "sha512-lyuxPGr/Wfhrlem2CL/UcnUc1zcqKAImBDzukY7Y5F/yQiNdko6+fRLevlw1HgMySw7f611UIY408EtxRSoK3Q==",
      "requires": {
        "js-tokens": "^3.0.0 || ^4.0.0"
      }
    },
    "object-assign": {
      "version": "4.1.1",
      "resolved": "https://registry.npmjs.org/object-assign/-/object-assign-4.1.1.tgz",
      "integrity": "sha1-IQmtx5ZYh8/AXLvUQsrIv7s2CGM="
    },
    "prop-types": {
      "version": "15.7.2",
      "resolved": "https://registry.npmjs.org/prop-types/-/prop-types-15.7.2.tgz",
      "integrity": "sha512-8QQikdH7//R2vurIJSutZ1smHYTcLpRWEOlHnzcWHmBYrOGUysKwSsrC89BCiFj3CbrfJ/nXFdJepOVrY1GCHQ==",
      "requires": {
        "loose-envify": "^1.4.0",
        "object-assign": "^4.1.1",
        "react-is": "^16.8.1"
      }
    },
    "react": {
      "version": "16.13.0",
      "resolved": "https://registry.npmjs.org/react/-/react-16.13.0.tgz",
      "integrity": "sha512-TSavZz2iSLkq5/oiE7gnFzmURKZMltmi193rm5HEoUDAXpzT9Kzw6oNZnGoai/4+fUnm7FqS5dwgUL34TujcWQ==",
      "requires": {
        "loose-envify": "^1.1.0",
        "object-assign": "^4.1.1",
        "prop-types": "^15.6.2"
      }
    },
    "react-is": {
      "version": "16.13.0",
      "resolved": "https://registry.npmjs.org/react-is/-/react-is-16.13.0.tgz",
      "integrity": "sha512-GFMtL0vHkiBv9HluwNZTggSn/sCyEt9n02aM0dSAjGGyqyNlAyftYm4phPxdvCigG15JreC5biwxCgTAJZ7yAA=="
    }
  }
}
